{
  "version": 4,
  "terraform_version": "1.9.7",
  "serial": 47,
  "lineage": "16b5f443-9e43-43ea-502f-392e512ef381",
  "outputs": {
    "boolean_val_output": {
      "value": true,
      "type": "bool"
    },
    "list_val_output": {
      "value": "banana",
      "type": "string"
    },
    "map_val_output": {
      "value": "30",
      "type": "string"
    },
    "number_val_output": {
      "value": 10,
      "type": "number"
    },
    "object_val_output": {
      "value": [
        "reading",
        "gaming"
      ],
      "type": [
        "list",
        "string"
      ]
    },
    "random_string_value": {
      "value": "1",
      "type": "string"
    },
    "string_val_output": {
      "value": "srujana",
      "type": "string"
    },
    "tuple_val_output": {
      "value": 20,
      "type": "number"
    }
  },
  "resources": [
    {
      "mode": "managed",
      "type": "local_file",
      "name": "res1",
      "provider": "provider[\"registry.terraform.io/hashicorp/local\"]",
      "instances": [
        {
          "schema_version": 0,
          "attributes": {
            "content": "this is res 1",
            "content_base64": null,
            "content_base64sha256": "criTcbGAb5ICPoe40ExkqzakRPY4kwheXTTCt+VZwOw=",
            "content_base64sha512": "+fNv8F+61pdxV2ReGm62Ga0jvQZoBc7d+809sslBsLT3aZyWv0cMVSCM5NvidwzzIWXRbzi2YD1M1osm6owPrw==",
            "content_md5": "1bdcf0c31c26aa600be2161de8b0cb6d",
            "content_sha1": "da3ba3a9dc13cc38399d412753beb99c05216976",
            "content_sha256": "72b89371b1806f92023e87b8d04c64ab36a444f63893085e5d34c2b7e559c0ec",
            "content_sha512": "f9f36ff05fbad6977157645e1a6eb619ad23bd066805ceddfbcd3db2c941b0b4f7699c96bf470c55208ce4dbe2770cf32165d16f38b6603d4cd68b26ea8c0faf",
            "directory_permission": "0777",
            "file_permission": "0777",
            "filename": "abc",
            "id": "da3ba3a9dc13cc38399d412753beb99c05216976",
            "sensitive_content": null,
            "source": null
          },
          "sensitive_attributes": [
            [
              {
                "type": "get_attr",
                "value": "sensitive_content"
              }
            ]
          ],
          "create_before_destroy": true
        }
      ]
    },
    {
      "mode": "managed",
      "type": "local_file",
      "name": "res2",
      "provider": "provider[\"registry.terraform.io/hashicorp/local\"]",
      "instances": [
        {
          "schema_version": 0,
          "attributes": {
            "content": "this is res 2",
            "content_base64": null,
            "content_base64sha256": "SoMUN/dfavF/PdlUo35nyC+wOpsvdGIrvGA+XBviWag=",
            "content_base64sha512": "9rldzxjoeo7+ry8xxK3pBsL37oRGyVG9VerX0v4Svv4B3XsbdoGoStdkBT7R1RKmS4LAtBOnHRY+21pCqbdNZQ==",
            "content_md5": "bd9c63ce22aa517bdd7381a3d4d6b21a",
            "content_sha1": "e74c1e4149322267a79e8dd83aea899888f62c1e",
            "content_sha256": "4a831437f75f6af17f3dd954a37e67c82fb03a9b2f74622bbc603e5c1be259a8",
            "content_sha512": "f6b95dcf18e87a8efeaf2f31c4ade906c2f7ee8446c951bd55ead7d2fe12befe01dd7b1b7681a84ad764053ed1d512a64b82c0b413a71d163edb5a42a9b74d65",
            "directory_permission": "0777",
            "file_permission": "0777",
            "filename": "da3ba3a9dc13cc38399d412753beb99c05216976",
            "id": "e74c1e4149322267a79e8dd83aea899888f62c1e",
            "sensitive_content": null,
            "source": null
          },
          "sensitive_attributes": [
            [
              {
                "type": "get_attr",
                "value": "sensitive_content"
              }
            ]
          ],
          "dependencies": [
            "local_file.res1"
          ],
          "create_before_destroy": true
        }
      ]
    },
    {
      "mode": "managed",
      "type": "local_file",
      "name": "res3",
      "provider": "provider[\"registry.terraform.io/hashicorp/local\"]",
      "instances": [
        {
          "schema_version": 0,
          "attributes": {
            "content": "this is res 1",
            "content_base64": null,
            "content_base64sha256": "criTcbGAb5ICPoe40ExkqzakRPY4kwheXTTCt+VZwOw=",
            "content_base64sha512": "+fNv8F+61pdxV2ReGm62Ga0jvQZoBc7d+809sslBsLT3aZyWv0cMVSCM5NvidwzzIWXRbzi2YD1M1osm6owPrw==",
            "content_md5": "1bdcf0c31c26aa600be2161de8b0cb6d",
            "content_sha1": "da3ba3a9dc13cc38399d412753beb99c05216976",
            "content_sha256": "72b89371b1806f92023e87b8d04c64ab36a444f63893085e5d34c2b7e559c0ec",
            "content_sha512": "f9f36ff05fbad6977157645e1a6eb619ad23bd066805ceddfbcd3db2c941b0b4f7699c96bf470c55208ce4dbe2770cf32165d16f38b6603d4cd68b26ea8c0faf",
            "directory_permission": "0777",
            "file_permission": "0777",
            "filename": "abc",
            "id": "da3ba3a9dc13cc38399d412753beb99c05216976",
            "sensitive_content": null,
            "source": null
          },
          "sensitive_attributes": [
            [
              {
                "type": "get_attr",
                "value": "sensitive_content"
              }
            ]
          ],
          "dependencies": [
            "local_file.res1",
            "local_file.res2",
            "local_file.res4",
            "local_file.res5"
          ],
          "create_before_destroy": true
        }
      ]
    },
    {
      "mode": "managed",
      "type": "local_file",
      "name": "res4",
      "provider": "provider[\"registry.terraform.io/hashicorp/local\"]",
      "instances": [
        {
          "schema_version": 0,
          "attributes": {
            "content": "this is res 2",
            "content_base64": null,
            "content_base64sha256": "SoMUN/dfavF/PdlUo35nyC+wOpsvdGIrvGA+XBviWag=",
            "content_base64sha512": "9rldzxjoeo7+ry8xxK3pBsL37oRGyVG9VerX0v4Svv4B3XsbdoGoStdkBT7R1RKmS4LAtBOnHRY+21pCqbdNZQ==",
            "content_md5": "bd9c63ce22aa517bdd7381a3d4d6b21a",
            "content_sha1": "e74c1e4149322267a79e8dd83aea899888f62c1e",
            "content_sha256": "4a831437f75f6af17f3dd954a37e67c82fb03a9b2f74622bbc603e5c1be259a8",
            "content_sha512": "f6b95dcf18e87a8efeaf2f31c4ade906c2f7ee8446c951bd55ead7d2fe12befe01dd7b1b7681a84ad764053ed1d512a64b82c0b413a71d163edb5a42a9b74d65",
            "directory_permission": "0777",
            "file_permission": "0777",
            "filename": "e74c1e4149322267a79e8dd83aea899888f62c1e",
            "id": "e74c1e4149322267a79e8dd83aea899888f62c1e",
            "sensitive_content": null,
            "source": null
          },
          "sensitive_attributes": [
            [
              {
                "type": "get_attr",
                "value": "sensitive_content"
              }
            ]
          ],
          "dependencies": [
            "local_file.res1",
            "local_file.res2"
          ],
          "create_before_destroy": true
        }
      ]
    },
    {
      "mode": "managed",
      "type": "local_file",
      "name": "res5",
      "provider": "provider[\"registry.terraform.io/hashicorp/local\"]",
      "instances": [
        {
          "schema_version": 0,
          "attributes": {
            "content": "this is res 5",
            "content_base64": null,
            "content_base64sha256": "oDp7+zyb+8p8gYM3euMhStkFlyqY9WdAgT3yyg3XPsU=",
            "content_base64sha512": "qKGDr2kfXb967YX8oLtsy+Xn8dR2aPU4rrT1WI2HfzZI9RdDXXZ/VNhixTQy7AppBjtjYpobqdpfFrQzPQxjyw==",
            "content_md5": "0449b68698aa289accfc51826345ed6c",
            "content_sha1": "89fd460379a18fb6aa459fa0f73bb8149ca70cbd",
            "content_sha256": "a03a7bfb3c9bfbca7c8183377ae3214ad905972a98f56740813df2ca0dd73ec5",
            "content_sha512": "a8a183af691f5dbf7aed85fca0bb6ccbe5e7f1d47668f538aeb4f5588d877f3648f517435d767f54d862c53432ec0a69063b63629a1ba9da5f16b4333d0c63cb",
            "directory_permission": "0777",
            "file_permission": "0777",
            "filename": "txt",
            "id": "89fd460379a18fb6aa459fa0f73bb8149ca70cbd",
            "sensitive_content": null,
            "source": null
          },
          "sensitive_attributes": [
            [
              {
                "type": "get_attr",
                "value": "sensitive_content"
              }
            ]
          ],
          "create_before_destroy": true
        }
      ]
    },
    {
      "mode": "managed",
      "type": "local_file",
      "name": "res6",
      "provider": "provider[\"registry.terraform.io/hashicorp/local\"]",
      "instances": [
        {
          "schema_version": 0,
          "attributes": {
            "content": "this is res 6",
            "content_base64": null,
            "content_base64sha256": "FkQrw1pqbcQtmdzPlai8UuDz5J35JXn2B6rSbaKUa5g=",
            "content_base64sha512": "YTpKO6VxVpS57BybMLsuM5QpOuYMAMYL35++TBjtMyp5RXzNxIcnMaGH7AI+aL3OqgXt2MUjkK3W5zSI5GbcRg==",
            "content_md5": "4ba3278f6c44f6f860cba9d8b28d0536",
            "content_sha1": "bada99bf0db004e3789319b3111e21ce921ab42c",
            "content_sha256": "16442bc35a6a6dc42d99dccf95a8bc52e0f3e49df92579f607aad26da2946b98",
            "content_sha512": "613a4a3ba5715694b9ec1c9b30bb2e3394293ae60c00c60bdf9fbe4c18ed332a79457ccdc4872731a187ec023e68bdceaa05edd8c52390add6e73488e466dc46",
            "directory_permission": "0777",
            "file_permission": "0777",
            "filename": "abc",
            "id": "bada99bf0db004e3789319b3111e21ce921ab42c",
            "sensitive_content": null,
            "source": null
          },
          "sensitive_attributes": [
            [
              {
                "type": "get_attr",
                "value": "sensitive_content"
              }
            ]
          ],
          "create_before_destroy": true
        }
      ]
    },
    {
      "mode": "managed",
      "type": "local_file",
      "name": "res7",
      "provider": "provider[\"registry.terraform.io/hashicorp/local\"]",
      "instances": [
        {
          "schema_version": 0,
          "attributes": {
            "content": "this is res 7",
            "content_base64": null,
            "content_base64sha256": "SRAxilj7ImCYWa/otv1O287MECDBVPF0FYtWk10D5/U=",
            "content_base64sha512": "MlCASd0KIpWaexDiD5G6GL2hjJHr1Y+oQO3q1iAoickWKYZclpx1T5QpA/wdwC4hpvTwQGdDqFuttToLjVbPbw==",
            "content_md5": "24a6067706ef58b03d04639edf9d2a35",
            "content_sha1": "1fb3d96f7567bd97e10394a05acf064347826683",
            "content_sha256": "4910318a58fb22609859afe8b6fd4edbcecc1020c154f174158b56935d03e7f5",
            "content_sha512": "32508049dd0a22959a7b10e20f91ba18bda18c91ebd58fa840edead6202889c91629865c969c754f942903fc1dc02e21a6f4f0406743a85badb53a0b8d56cf6f",
            "directory_permission": "0777",
            "file_permission": "0777",
            "filename": "bd",
            "id": "1fb3d96f7567bd97e10394a05acf064347826683",
            "sensitive_content": null,
            "source": null
          },
          "sensitive_attributes": [
            [
              {
                "type": "get_attr",
                "value": "sensitive_content"
              }
            ]
          ]
        }
      ]
    },
    {
      "mode": "managed",
      "type": "random_string",
      "name": "random",
      "provider": "provider[\"registry.terraform.io/hashicorp/random\"]",
      "instances": [
        {
          "schema_version": 2,
          "attributes": {
            "id": "RoV27$VF",
            "keepers": null,
            "length": 8,
            "lower": true,
            "min_lower": 0,
            "min_numeric": 0,
            "min_special": 0,
            "min_upper": 0,
            "number": true,
            "numeric": true,
            "override_special": "/@£$",
            "result": "RoV27$VF",
            "special": true,
            "upper": true
          },
          "sensitive_attributes": []
        }
      ]
    }
  ],
  "check_results": null
}
