{
  "version": 4,
  "terraform_version": "1.9.6",
  "serial": 22,
  "lineage": "16b5f443-9e43-43ea-502f-392e512ef381",
  "outputs": {
    "boolean_val_output": {
      "value": true,
      "type": "bool"
    },
    "list_val_output": {
      "value": "banana",
      "type": "string"
    },
    "map_val_output": {
      "value": "30",
      "type": "string"
    },
    "number_val_output": {
      "value": 10,
      "type": "number"
    },
    "object_val_output": {
      "value": [
        "reading",
        "gaming"
      ],
      "type": [
        "list",
        "string"
      ]
    },
    "random_string_value": {
      "value": "1",
      "type": "string"
    },
    "string_val_output": {
      "value": "srujana",
      "type": "string"
    },
    "tuple_val_output": {
      "value": 20,
      "type": "number"
    }
  },
  "resources": [
    {
      "mode": "managed",
      "type": "random_string",
      "name": "random",
      "provider": "provider[\"registry.terraform.io/hashicorp/random\"]",
      "instances": [
        {
          "schema_version": 2,
          "attributes": {
            "id": "gfdwSHuz",
            "keepers": null,
            "length": 8,
            "lower": true,
            "min_lower": 0,
            "min_numeric": 0,
            "min_special": 0,
            "min_upper": 0,
            "number": true,
            "numeric": true,
            "override_special": "/@£$",
            "result": "gfdwSHuz",
            "special": true,
            "upper": true
          },
          "sensitive_attributes": []
        }
      ]
    }
  ],
  "check_results": null
}
